
Microsoft Visual Studio Solution File, Format Version 12.00
# Visual Studio Version 16
VisualStudioVersion = 16.0.31410.357
MinimumVisualStudioVersion = 10.0.40219.1
Project("{9A19103F-16F7-4668-BE54-9A1E7A4F7556}") = "AirlineAdmin", "AirlineAdmin.csproj", "{32A8055D-814C-47B9-8C69-DCFF4CFB9726}"
EndProject
Global
	GlobalSection(SolutionConfigurationPlatforms) = preSolution
		Debug|Any CPU = Debug|Any CPU
		Release|Any CPU = Release|Any CPU
	EndGlobalSection
	GlobalSection(ProjectConfigurationPlatforms) = postSolution
		{32A8055D-814C-47B9-8C69-DCFF4CFB9726}.Debug|Any CPU.ActiveCfg = Debug|Any CPU
		{32A8055D-814C-47B9-8C69-DCFF4CFB9726}.Debug|Any CPU.Build.0 = Debug|Any CPU
		{32A8055D-814C-47B9-8C69-DCFF4CFB9726}.Release|Any CPU.ActiveCfg = Release|Any CPU
		{32A8055D-814C-47B9-8C69-DCFF4CFB9726}.Release|Any CPU.Build.0 = Release|Any CPU
	EndGlobalSection
	GlobalSection(SolutionProperties) = preSolution
		HideSolutionNode = FALSE
	EndGlobalSection
	GlobalSection(ExtensibilityGlobals) = postSolution
		SolutionGuid = {43834FCD-F23B-48B6-B601-211BC0A5D94C}
	EndGlobalSection
EndGlobal
